
Microsoft Visual Studio Solution File, Format Version 12.00
# Visual Studio 15
VisualStudioVersion = 15.0.28307.106
MinimumVisualStudioVersion = 10.0.40219.1
Project("{FAE04EC0-301F-11D3-BF4B-00C04F79EFBC}") = "BibliotecaWeb", "BibliotecaWeb\BibliotecaWeb.csproj", "{13C42D62-7F83-42A9-B3D9-FD51E9ADDDA4}"
EndProject
Global
	GlobalSection(SolutionConfigurationPlatforms) = preSolution
		Debug|Any CPU = Debug|Any CPU
		Release|Any CPU = Release|Any CPU
	EndGlobalSection
	GlobalSection(ProjectConfigurationPlatforms) = postSolution
		{13C42D62-7F83-42A9-B3D9-FD51E9ADDDA4}.Debug|Any CPU.ActiveCfg = Debug|Any CPU
		{13C42D62-7F83-42A9-B3D9-FD51E9ADDDA4}.Debug|Any CPU.Build.0 = Debug|Any CPU
		{13C42D62-7F83-42A9-B3D9-FD51E9ADDDA4}.Release|Any CPU.ActiveCfg = Release|Any CPU
		{13C42D62-7F83-42A9-B3D9-FD51E9ADDDA4}.Release|Any CPU.Build.0 = Release|Any CPU
	EndGlobalSection
	GlobalSection(SolutionProperties) = preSolution
		HideSolutionNode = FALSE
	EndGlobalSection
	GlobalSection(ExtensibilityGlobals) = postSolution
		SolutionGuid = {7F8D5ACF-9B16-4311-944B-D38CFD834F49}
	EndGlobalSection
EndGlobal
